
Microsoft Visual Studio Solution File, Format Version 12.00
# Visual Studio Version 16
VisualStudioVersion = 16.0.28803.156
MinimumVisualStudioVersion = 10.0.40219.1
Project("{FAE04EC0-301F-11D3-BF4B-00C04F79EFBC}") = "validate.helper", "validate.helper\validate.helper.csproj", "{53662228-24BF-4F6E-B7A5-7100A48225C4}"
EndProject
Global
	GlobalSection(SolutionConfigurationPlatforms) = preSolution
		Debug|Any CPU = Debug|Any CPU
		Release|Any CPU = Release|Any CPU
	EndGlobalSection
	GlobalSection(ProjectConfigurationPlatforms) = postSolution
		{53662228-24BF-4F6E-B7A5-7100A48225C4}.Debug|Any CPU.ActiveCfg = Debug|Any CPU
		{53662228-24BF-4F6E-B7A5-7100A48225C4}.Debug|Any CPU.Build.0 = Debug|Any CPU
		{53662228-24BF-4F6E-B7A5-7100A48225C4}.Release|Any CPU.ActiveCfg = Release|Any CPU
		{53662228-24BF-4F6E-B7A5-7100A48225C4}.Release|Any CPU.Build.0 = Release|Any CPU
	EndGlobalSection
	GlobalSection(SolutionProperties) = preSolution
		HideSolutionNode = FALSE
	EndGlobalSection
	GlobalSection(ExtensibilityGlobals) = postSolution
		SolutionGuid = {379CAD72-615C-405E-9897-02E35280832C}
	EndGlobalSection
EndGlobal
